{
  "name": "asp.net",
  "version": "1.0.0",
  "lockfileVersion": 1,
  "requires": true,
  "dependencies": {
    "websocket-manager": {
      "version": "2.0.5",
      "resolved": "https://registry.npmjs.org/websocket-manager/-/websocket-manager-2.0.5.tgz",
      "integrity": "sha512-QI7WREbSH4MCFRWHfZW/IitXFuUD9Da30QY9xURPfmiZP6DvbQ8t+sAktkvncQQnk7f4f4inaD2Jcy1MeLOR8A=="
    }
  }
}
